// !$*UTF8*$!
{
	archiveVersion = 1;
	classes = {
	};
	objectVersion = 55;
	objects = {

/* Begin PBXBuildFile section */
		C7148392274976D700D149C2 /* HexagonParameters.swift in Sources */ = {isa = PBXBuildFile; fileRef = C7148391274976D700D149C2 /* HexagonParameters.swift */; };
		C71483942749789200D149C2 /* BadgeBackground.swift in Sources */ = {isa = PBXBuildFile; fileRef = C71483932749789200D149C2 /* BadgeBackground.swift */; };
		C714839627497E1B00D149C2 /* BadgeSymbol.swift in Sources */ = {isa = PBXBuildFile; fileRef = C714839527497E1B00D149C2 /* BadgeSymbol.swift */; };
		C714839827497EAA00D149C2 /* RotatedBadgeSymbol.swift in Sources */ = {isa = PBXBuildFile; fileRef = C714839727497EAA00D149C2 /* RotatedBadgeSymbol.swift */; };
		C714839A27497FC500D149C2 /* Badge.swift in Sources */ = {isa = PBXBuildFile; fileRef = C714839927497FC500D149C2 /* Badge.swift */; };
		C714839D274985F700D149C2 /* hikeData.json in Resources */ = {isa = PBXBuildFile; fileRef = C714839C274985F700D149C2 /* hikeData.json */; };
		C714839F2749862D00D149C2 /* Hike.swift in Sources */ = {isa = PBXBuildFile; fileRef = C714839E2749862D00D149C2 /* Hike.swift */; };
		C71483B2274989C700D149C2 /* GraphCapsule.swift in Sources */ = {isa = PBXBuildFile; fileRef = C71483AE274989C700D149C2 /* GraphCapsule.swift */; };
		C71483B3274989C700D149C2 /* HikeGraph.swift in Sources */ = {isa = PBXBuildFile; fileRef = C71483AF274989C700D149C2 /* HikeGraph.swift */; };
		C71483B4274989C700D149C2 /* HikeDetail.swift in Sources */ = {isa = PBXBuildFile; fileRef = C71483B0274989C700D149C2 /* HikeDetail.swift */; };
		C71483B5274989C700D149C2 /* HikeView.swift in Sources */ = {isa = PBXBuildFile; fileRef = C71483B1274989C700D149C2 /* HikeView.swift */; };
		C72DFBA42750AD770028529E /* CategoryItem.swift in Sources */ = {isa = PBXBuildFile; fileRef = C72DFBA32750AD770028529E /* CategoryItem.swift */; };
		C75DC4A72750D14D00CE9AEE /* Profile.swift in Sources */ = {isa = PBXBuildFile; fileRef = C75DC4A62750D14D00CE9AEE /* Profile.swift */; };
		C75DC4AD2750E8D100CE9AEE /* ProfileHost.swift in Sources */ = {isa = PBXBuildFile; fileRef = C75DC4AC2750E8D100CE9AEE /* ProfileHost.swift */; };
		C75DC4AF2750E9A900CE9AEE /* ProfileSummary.swift in Sources */ = {isa = PBXBuildFile; fileRef = C75DC4AE2750E9A900CE9AEE /* ProfileSummary.swift */; };
		C75DC4B12754A28500CE9AEE /* HikeBadge.swift in Sources */ = {isa = PBXBuildFile; fileRef = C75DC4B02754A28500CE9AEE /* HikeBadge.swift */; };
		C75DC4B32754DB3800CE9AEE /* ProfileEditor.swift in Sources */ = {isa = PBXBuildFile; fileRef = C75DC4B22754DB3800CE9AEE /* ProfileEditor.swift */; };
		C799F189274FAEDE00FB235F /* CategoryHome.swift in Sources */ = {isa = PBXBuildFile; fileRef = C799F188274FAEDE00FB235F /* CategoryHome.swift */; };
		C799F18B274FB7BE00FB235F /* CategoryRow.swift in Sources */ = {isa = PBXBuildFile; fileRef = C799F18A274FB7BE00FB235F /* CategoryRow.swift */; };
		C7C9B1852746E25A00E16AB8 /* FavoriteButton.swift in Sources */ = {isa = PBXBuildFile; fileRef = C7C9B1842746E25A00E16AB8 /* FavoriteButton.swift */; };
		C7CA6C99273D9E59004B16FD /* LandmarksApp.swift in Sources */ = {isa = PBXBuildFile; fileRef = C7CA6C98273D9E59004B16FD /* LandmarksApp.swift */; };
		C7CA6C9D273D9E5C004B16FD /* Assets.xcassets in Resources */ = {isa = PBXBuildFile; fileRef = C7CA6C9C273D9E5C004B16FD /* Assets.xcassets */; };
		C7CA6CA0273D9E5C004B16FD /* Preview Assets.xcassets in Resources */ = {isa = PBXBuildFile; fileRef = C7CA6C9F273D9E5C004B16FD /* Preview Assets.xcassets */; };
		C7CA6CAA273D9E5D004B16FD /* LandmarksTests.swift in Sources */ = {isa = PBXBuildFile; fileRef = C7CA6CA9273D9E5D004B16FD /* LandmarksTests.swift */; };
		C7CA6CB4273D9E5D004B16FD /* LandmarksUITests.swift in Sources */ = {isa = PBXBuildFile; fileRef = C7CA6CB3273D9E5D004B16FD /* LandmarksUITests.swift */; };
		C7CA6CB6273D9E5D004B16FD /* LandmarksUITestsLaunchTests.swift in Sources */ = {isa = PBXBuildFile; fileRef = C7CA6CB5273D9E5D004B16FD /* LandmarksUITestsLaunchTests.swift */; };
		C7CA6CC3273F068D004B16FD /* CircleImage.swift in Sources */ = {isa = PBXBuildFile; fileRef = C7CA6CC2273F068D004B16FD /* CircleImage.swift */; };
		C7DE8DB2273F0B5A00A44733 /* MapView.swift in Sources */ = {isa = PBXBuildFile; fileRef = C7DE8DB1273F0B5A00A44733 /* MapView.swift */; };
		C7DE8DB6273F81DB00A44733 /* Landmark.swift in Sources */ = {isa = PBXBuildFile; fileRef = C7DE8DB5273F81DB00A44733 /* Landmark.swift */; };
		C7DE8DC5273F859A00A44733 /* turtlerock.jpg in Resources */ = {isa = PBXBuildFile; fileRef = C7DE8DB8273F859A00A44733 /* turtlerock.jpg */; };
		C7DE8DC6273F859A00A44733 /* silversalmoncreek.jpg in Resources */ = {isa = PBXBuildFile; fileRef = C7DE8DB9273F859A00A44733 /* silversalmoncreek.jpg */; };
		C7DE8DC7273F859A00A44733 /* icybay.jpg in Resources */ = {isa = PBXBuildFile; fileRef = C7DE8DBA273F859A00A44733 /* icybay.jpg */; };
		C7DE8DC8273F859A00A44733 /* lakemcdonald.jpg in Resources */ = {isa = PBXBuildFile; fileRef = C7DE8DBB273F859A00A44733 /* lakemcdonald.jpg */; };
		C7DE8DC9273F859A00A44733 /* hiddenlake.jpg in Resources */ = {isa = PBXBuildFile; fileRef = C7DE8DBC273F859A00A44733 /* hiddenlake.jpg */; };
		C7DE8DCA273F859A00A44733 /* twinlake.jpg in Resources */ = {isa = PBXBuildFile; fileRef = C7DE8DBD273F859A00A44733 /* twinlake.jpg */; };
		C7DE8DCB273F859A00A44733 /* umbagog.jpg in Resources */ = {isa = PBXBuildFile; fileRef = C7DE8DBE273F859A00A44733 /* umbagog.jpg */; };
		C7DE8DCC273F859A00A44733 /* landmarkData.json in Resources */ = {isa = PBXBuildFile; fileRef = C7DE8DBF273F859A00A44733 /* landmarkData.json */; };
		C7DE8DCD273F859A00A44733 /* chincoteague.jpg in Resources */ = {isa = PBXBuildFile; fileRef = C7DE8DC0273F859A00A44733 /* chincoteague.jpg */; };
		C7DE8DCE273F859A00A44733 /* yukon_charleyrivers.jpg in Resources */ = {isa = PBXBuildFile; fileRef = C7DE8DC1273F859A00A44733 /* yukon_charleyrivers.jpg */; };
		C7DE8DCF273F859A00A44733 /* stmarylake.jpg in Resources */ = {isa = PBXBuildFile; fileRef = C7DE8DC2273F859A00A44733 /* stmarylake.jpg */; };
		C7DE8DD0273F859A00A44733 /* chilkoottrail.jpg in Resources */ = {isa = PBXBuildFile; fileRef = C7DE8DC3273F859A00A44733 /* chilkoottrail.jpg */; };
		C7DE8DD1273F859A00A44733 /* rainbowlake.jpg in Resources */ = {isa = PBXBuildFile; fileRef = C7DE8DC4273F859A00A44733 /* rainbowlake.jpg */; };
		C7DE8DD3273F89C700A44733 /* ModelData.swift in Sources */ = {isa = PBXBuildFile; fileRef = C7DE8DD2273F89C700A44733 /* ModelData.swift */; };
		C7DE8DD7273F983000A44733 /* LandmarkRow.swift in Sources */ = {isa = PBXBuildFile; fileRef = C7DE8DD6273F983000A44733 /* LandmarkRow.swift */; };
		C7DE8DD9273FADA800A44733 /* LandmarkList.swift in Sources */ = {isa = PBXBuildFile; fileRef = C7DE8DD8273FADA800A44733 /* LandmarkList.swift */; };
		C7DE8DDB274053CB00A44733 /* LandmarkDetail.swift in Sources */ = {isa = PBXBuildFile; fileRef = C7DE8DDA274053CB00A44733 /* LandmarkDetail.swift */; };
		C7DE8DDD274054D900A44733 /* ContentView.swift in Sources */ = {isa = PBXBuildFile; fileRef = C7DE8DDC274054D900A44733 /* ContentView.swift */; };
/* End PBXBuildFile section */

/* Begin PBXContainerItemProxy section */
		C7CA6CA6273D9E5D004B16FD /* PBXContainerItemProxy */ = {
			isa = PBXContainerItemProxy;
			containerPortal = C7CA6C8D273D9E58004B16FD /* Project object */;
			proxyType = 1;
			remoteGlobalIDString = C7CA6C94273D9E59004B16FD;
			remoteInfo = Landmarks;
		};
		C7CA6CB0273D9E5D004B16FD /* PBXContainerItemProxy */ = {
			isa = PBXContainerItemProxy;
			containerPortal = C7CA6C8D273D9E58004B16FD /* Project object */;
			proxyType = 1;
			remoteGlobalIDString = C7CA6C94273D9E59004B16FD;
			remoteInfo = Landmarks;
		};
/* End PBXContainerItemProxy section */

/* Begin PBXFileReference section */
		C7148391274976D700D149C2 /* HexagonParameters.swift */ = {isa = PBXFileReference; lastKnownFileType = sourcecode.swift; path = HexagonParameters.swift; sourceTree = "<group>"; };
		C71483932749789200D149C2 /* BadgeBackground.swift */ = {isa = PBXFileReference; lastKnownFileType = sourcecode.swift; path = BadgeBackground.swift; sourceTree = "<group>"; };
		C714839527497E1B00D149C2 /* BadgeSymbol.swift */ = {isa = PBXFileReference; lastKnownFileType = sourcecode.swift; path = BadgeSymbol.swift; sourceTree = "<group>"; };
		C714839727497EAA00D149C2 /* RotatedBadgeSymbol.swift */ = {isa = PBXFileReference; lastKnownFileType = sourcecode.swift; path = RotatedBadgeSymbol.swift; sourceTree = "<group>"; };
		C714839927497FC500D149C2 /* Badge.swift */ = {isa = PBXFileReference; lastKnownFileType = sourcecode.swift; path = Badge.swift; sourceTree = "<group>"; };
		C714839C274985F700D149C2 /* hikeData.json */ = {isa = PBXFileReference; fileEncoding = 4; lastKnownFileType = text.json; path = hikeData.json; sourceTree = "<group>"; };
		C714839E2749862D00D149C2 /* Hike.swift */ = {isa = PBXFileReference; lastKnownFileType = sourcecode.swift; path = Hike.swift; sourceTree = "<group>"; };
		C71483AE274989C700D149C2 /* GraphCapsule.swift */ = {isa = PBXFileReference; fileEncoding = 4; lastKnownFileType = sourcecode.swift; path = GraphCapsule.swift; sourceTree = "<group>"; };
		C71483AF274989C700D149C2 /* HikeGraph.swift */ = {isa = PBXFileReference; fileEncoding = 4; lastKnownFileType = sourcecode.swift; path = HikeGraph.swift; sourceTree = "<group>"; };
		C71483B0274989C700D149C2 /* HikeDetail.swift */ = {isa = PBXFileReference; fileEncoding = 4; lastKnownFileType = sourcecode.swift; path = HikeDetail.swift; sourceTree = "<group>"; };
		C71483B1274989C700D149C2 /* HikeView.swift */ = {isa = PBXFileReference; fileEncoding = 4; lastKnownFileType = sourcecode.swift; path = HikeView.swift; sourceTree = "<group>"; };
		C72DFBA32750AD770028529E /* CategoryItem.swift */ = {isa = PBXFileReference; lastKnownFileType = sourcecode.swift; path = CategoryItem.swift; sourceTree = "<group>"; };
		C75DC4A62750D14D00CE9AEE /* Profile.swift */ = {isa = PBXFileReference; lastKnownFileType = sourcecode.swift; path = Profile.swift; sourceTree = "<group>"; };
		C75DC4AC2750E8D100CE9AEE /* ProfileHost.swift */ = {isa = PBXFileReference; lastKnownFileType = sourcecode.swift; path = ProfileHost.swift; sourceTree = "<group>"; };
		C75DC4AE2750E9A900CE9AEE /* ProfileSummary.swift */ = {isa = PBXFileReference; lastKnownFileType = sourcecode.swift; path = ProfileSummary.swift; sourceTree = "<group>"; };
		C75DC4B02754A28500CE9AEE /* HikeBadge.swift */ = {isa = PBXFileReference; lastKnownFileType = sourcecode.swift; path = HikeBadge.swift; sourceTree = "<group>"; };
		C75DC4B22754DB3800CE9AEE /* ProfileEditor.swift */ = {isa = PBXFileReference; lastKnownFileType = sourcecode.swift; path = ProfileEditor.swift; sourceTree = "<group>"; };
		C799F188274FAEDE00FB235F /* CategoryHome.swift */ = {isa = PBXFileReference; lastKnownFileType = sourcecode.swift; path = CategoryHome.swift; sourceTree = "<group>"; };
		C799F18A274FB7BE00FB235F /* CategoryRow.swift */ = {isa = PBXFileReference; lastKnownFileType = sourcecode.swift; path = CategoryRow.swift; sourceTree = "<group>"; };
		C7C9B1842746E25A00E16AB8 /* FavoriteButton.swift */ = {isa = PBXFileReference; lastKnownFileType = sourcecode.swift; path = FavoriteButton.swift; sourceTree = "<group>"; };
		C7CA6C95273D9E59004B16FD /* Landmarks.app */ = {isa = PBXFileReference; explicitFileType = wrapper.application; includeInIndex = 0; path = Landmarks.app; sourceTree = BUILT_PRODUCTS_DIR; };
		C7CA6C98273D9E59004B16FD /* LandmarksApp.swift */ = {isa = PBXFileReference; lastKnownFileType = sourcecode.swift; path = LandmarksApp.swift; sourceTree = "<group>"; };
		C7CA6C9C273D9E5C004B16FD /* Assets.xcassets */ = {isa = PBXFileReference; lastKnownFileType = folder.assetcatalog; path = Assets.xcassets; sourceTree = "<group>"; };
		C7CA6C9F273D9E5C004B16FD /* Preview Assets.xcassets */ = {isa = PBXFileReference; lastKnownFileType = folder.assetcatalog; path = "Preview Assets.xcassets"; sourceTree = "<group>"; };
		C7CA6CA5273D9E5D004B16FD /* LandmarksTests.xctest */ = {isa = PBXFileReference; explicitFileType = wrapper.cfbundle; includeInIndex = 0; path = LandmarksTests.xctest; sourceTree = BUILT_PRODUCTS_DIR; };
		C7CA6CA9273D9E5D004B16FD /* LandmarksTests.swift */ = {isa = PBXFileReference; lastKnownFileType = sourcecode.swift; path = LandmarksTests.swift; sourceTree = "<group>"; };
		C7CA6CAF273D9E5D004B16FD /* LandmarksUITests.xctest */ = {isa = PBXFileReference; explicitFileType = wrapper.cfbundle; includeInIndex = 0; path = LandmarksUITests.xctest; sourceTree = BUILT_PRODUCTS_DIR; };
		C7CA6CB3273D9E5D004B16FD /* LandmarksUITests.swift */ = {isa = PBXFileReference; lastKnownFileType = sourcecode.swift; path = LandmarksUITests.swift; sourceTree = "<group>"; };
		C7CA6CB5273D9E5D004B16FD /* LandmarksUITestsLaunchTests.swift */ = {isa = PBXFileReference; lastKnownFileType = sourcecode.swift; path = LandmarksUITestsLaunchTests.swift; sourceTree = "<group>"; };
		C7CA6CC2273F068D004B16FD /* CircleImage.swift */ = {isa = PBXFileReference; lastKnownFileType = sourcecode.swift; path = CircleImage.swift; sourceTree = "<group>"; };
		C7DE8DB1273F0B5A00A44733 /* MapView.swift */ = {isa = PBXFileReference; lastKnownFileType = sourcecode.swift; path = MapView.swift; sourceTree = "<group>"; };
		C7DE8DB5273F81DB00A44733 /* Landmark.swift */ = {isa = PBXFileReference; lastKnownFileType = sourcecode.swift; path = Landmark.swift; sourceTree = "<group>"; };
		C7DE8DB8273F859A00A44733 /* turtlerock.jpg */ = {isa = PBXFileReference; lastKnownFileType = image.jpeg; path = turtlerock.jpg; sourceTree = "<group>"; };
		C7DE8DB9273F859A00A44733 /* silversalmoncreek.jpg */ = {isa = PBXFileReference; lastKnownFileType = image.jpeg; path = silversalmoncreek.jpg; sourceTree = "<group>"; };
		C7DE8DBA273F859A00A44733 /* icybay.jpg */ = {isa = PBXFileReference; lastKnownFileType = image.jpeg; path = icybay.jpg; sourceTree = "<group>"; };
		C7DE8DBB273F859A00A44733 /* lakemcdonald.jpg */ = {isa = PBXFileReference; lastKnownFileType = image.jpeg; path = lakemcdonald.jpg; sourceTree = "<group>"; };
		C7DE8DBC273F859A00A44733 /* hiddenlake.jpg */ = {isa = PBXFileReference; lastKnownFileType = image.jpeg; path = hiddenlake.jpg; sourceTree = "<group>"; };
		C7DE8DBD273F859A00A44733 /* twinlake.jpg */ = {isa = PBXFileReference; lastKnownFileType = image.jpeg; path = twinlake.jpg; sourceTree = "<group>"; };
		C7DE8DBE273F859A00A44733 /* umbagog.jpg */ = {isa = PBXFileReference; lastKnownFileType = image.jpeg; path = umbagog.jpg; sourceTree = "<group>"; };
		C7DE8DBF273F859A00A44733 /* landmarkData.json */ = {isa = PBXFileReference; fileEncoding = 4; lastKnownFileType = text.json; path = landmarkData.json; sourceTree = "<group>"; };
		C7DE8DC0273F859A00A44733 /* chincoteague.jpg */ = {isa = PBXFileReference; lastKnownFileType = image.jpeg; path = chincoteague.jpg; sourceTree = "<group>"; };
		C7DE8DC1273F859A00A44733 /* yukon_charleyrivers.jpg */ = {isa = PBXFileReference; lastKnownFileType = image.jpeg; path = yukon_charleyrivers.jpg; sourceTree = "<group>"; };
		C7DE8DC2273F859A00A44733 /* stmarylake.jpg */ = {isa = PBXFileReference; lastKnownFileType = image.jpeg; path = stmarylake.jpg; sourceTree = "<group>"; };
		C7DE8DC3273F859A00A44733 /* chilkoottrail.jpg */ = {isa = PBXFileReference; lastKnownFileType = image.jpeg; path = chilkoottrail.jpg; sourceTree = "<group>"; };
		C7DE8DC4273F859A00A44733 /* rainbowlake.jpg */ = {isa = PBXFileReference; lastKnownFileType = image.jpeg; path = rainbowlake.jpg; sourceTree = "<group>"; };
		C7DE8DD2273F89C700A44733 /* ModelData.swift */ = {isa = PBXFileReference; lastKnownFileType = sourcecode.swift; path = ModelData.swift; sourceTree = "<group>"; };
		C7DE8DD6273F983000A44733 /* LandmarkRow.swift */ = {isa = PBXFileReference; lastKnownFileType = sourcecode.swift; path = LandmarkRow.swift; sourceTree = "<group>"; };
		C7DE8DD8273FADA800A44733 /* LandmarkList.swift */ = {isa = PBXFileReference; lastKnownFileType = sourcecode.swift; path = LandmarkList.swift; sourceTree = "<group>"; };
		C7DE8DDA274053CB00A44733 /* LandmarkDetail.swift */ = {isa = PBXFileReference; lastKnownFileType = sourcecode.swift; path = LandmarkDetail.swift; sourceTree = "<group>"; };
		C7DE8DDC274054D900A44733 /* ContentView.swift */ = {isa = PBXFileReference; lastKnownFileType = sourcecode.swift; path = ContentView.swift; sourceTree = "<group>"; };
/* End PBXFileReference section */

/* Begin PBXFrameworksBuildPhase section */
		C7CA6C92273D9E59004B16FD /* Frameworks */ = {
			isa = PBXFrameworksBuildPhase;
			buildActionMask = 2147483647;
			files = (
			);
			runOnlyForDeploymentPostprocessing = 0;
		};
		C7CA6CA2273D9E5D004B16FD /* Frameworks */ = {
			isa = PBXFrameworksBuildPhase;
			buildActionMask = 2147483647;
			files = (
			);
			runOnlyForDeploymentPostprocessing = 0;
		};
		C7CA6CAC273D9E5D004B16FD /* Frameworks */ = {
			isa = PBXFrameworksBuildPhase;
			buildActionMask = 2147483647;
			files = (
			);
			runOnlyForDeploymentPostprocessing = 0;
		};
/* End PBXFrameworksBuildPhase section */

/* Begin PBXGroup section */
		C714839B274980C900D149C2 /* Badges */ = {
			isa = PBXGroup;
			children = (
				C714839927497FC500D149C2 /* Badge.swift */,
				C714839727497EAA00D149C2 /* RotatedBadgeSymbol.swift */,
				C7148391274976D700D149C2 /* HexagonParameters.swift */,
				C714839527497E1B00D149C2 /* BadgeSymbol.swift */,
				C71483932749789200D149C2 /* BadgeBackground.swift */,
			);
			path = Badges;
			sourceTree = "<group>";
		};
		C71483AD274989C700D149C2 /* Hikes */ = {
			isa = PBXGroup;
			children = (
				C71483AE274989C700D149C2 /* GraphCapsule.swift */,
				C71483AF274989C700D149C2 /* HikeGraph.swift */,
				C71483B0274989C700D149C2 /* HikeDetail.swift */,
				C71483B1274989C700D149C2 /* HikeView.swift */,
				C75DC4B02754A28500CE9AEE /* HikeBadge.swift */,
			);
			path = Hikes;
			sourceTree = "<group>";
		};
		C72DFBA52750CD6B0028529E /* Category */ = {
			isa = PBXGroup;
			children = (
				C72DFBA32750AD770028529E /* CategoryItem.swift */,
				C799F188274FAEDE00FB235F /* CategoryHome.swift */,
				C799F18A274FB7BE00FB235F /* CategoryRow.swift */,
			);
			path = Category;
			sourceTree = "<group>";
		};
		C75DC4AA2750E06800CE9AEE /* Profiles */ = {
			isa = PBXGroup;
			children = (
				C75DC4AC2750E8D100CE9AEE /* ProfileHost.swift */,
				C75DC4AE2750E9A900CE9AEE /* ProfileSummary.swift */,
				C75DC4B22754DB3800CE9AEE /* ProfileEditor.swift */,
			);
			path = Profiles;
			sourceTree = "<group>";
		};
		C7C9B1862746E45700E16AB8 /* Landmarks */ = {
			isa = PBXGroup;
			children = (
				C7DE8DD6273F983000A44733 /* LandmarkRow.swift */,
				C7DE8DDA274053CB00A44733 /* LandmarkDetail.swift */,
				C7DE8DD8273FADA800A44733 /* LandmarkList.swift */,
			);
			path = Landmarks;
			sourceTree = "<group>";
		};
		C7C9B1872746E46700E16AB8 /* Helpers */ = {
			isa = PBXGroup;
			children = (
				C7DE8DB1273F0B5A00A44733 /* MapView.swift */,
				C7C9B1842746E25A00E16AB8 /* FavoriteButton.swift */,
				C7CA6CC2273F068D004B16FD /* CircleImage.swift */,
			);
			path = Helpers;
			sourceTree = "<group>";
		};
		C7CA6C8C273D9E58004B16FD = {
			isa = PBXGroup;
			children = (
				C7CA6C97273D9E59004B16FD /* Landmarks */,
				C7CA6CA8273D9E5D004B16FD /* LandmarksTests */,
				C7CA6CB2273D9E5D004B16FD /* LandmarksUITests */,
				C7CA6C96273D9E59004B16FD /* Products */,
			);
			sourceTree = "<group>";
		};
		C7CA6C96273D9E59004B16FD /* Products */ = {
			isa = PBXGroup;
			children = (
				C7CA6C95273D9E59004B16FD /* Landmarks.app */,
				C7CA6CA5273D9E5D004B16FD /* LandmarksTests.xctest */,
				C7CA6CAF273D9E5D004B16FD /* LandmarksUITests.xctest */,
			);
			name = Products;
			sourceTree = "<group>";
		};
		C7CA6C97273D9E59004B16FD /* Landmarks */ = {
			isa = PBXGroup;
			children = (
				C7DE8DD5273F934200A44733 /* Model */,
				C7DE8DD4273F933400A44733 /* Views */,
				C7CA6C98273D9E59004B16FD /* LandmarksApp.swift */,
				C7CA6C9C273D9E5C004B16FD /* Assets.xcassets */,
				C7CA6C9E273D9E5C004B16FD /* Preview Content */,
				C7DE8DB7273F859A00A44733 /* Resources */,
			);
			path = Landmarks;
			sourceTree = "<group>";
		};
		C7CA6C9E273D9E5C004B16FD /* Preview Content */ = {
			isa = PBXGroup;
			children = (
				C7CA6C9F273D9E5C004B16FD /* Preview Assets.xcassets */,
			);
			path = "Preview Content";
			sourceTree = "<group>";
		};
		C7CA6CA8273D9E5D004B16FD /* LandmarksTests */ = {
			isa = PBXGroup;
			children = (
				C7CA6CA9273D9E5D004B16FD /* LandmarksTests.swift */,
			);
			path = LandmarksTests;
			sourceTree = "<group>";
		};
		C7CA6CB2273D9E5D004B16FD /* LandmarksUITests */ = {
			isa = PBXGroup;
			children = (
				C7CA6CB3273D9E5D004B16FD /* LandmarksUITests.swift */,
				C7CA6CB5273D9E5D004B16FD /* LandmarksUITestsLaunchTests.swift */,
			);
			path = LandmarksUITests;
			sourceTree = "<group>";
		};
		C7DE8DB7273F859A00A44733 /* Resources */ = {
			isa = PBXGroup;
			children = (
				C714839C274985F700D149C2 /* hikeData.json */,
				C7DE8DB8273F859A00A44733 /* turtlerock.jpg */,
				C7DE8DB9273F859A00A44733 /* silversalmoncreek.jpg */,
				C7DE8DBA273F859A00A44733 /* icybay.jpg */,
				C7DE8DBB273F859A00A44733 /* lakemcdonald.jpg */,
				C7DE8DBC273F859A00A44733 /* hiddenlake.jpg */,
				C7DE8DBD273F859A00A44733 /* twinlake.jpg */,
				C7DE8DBE273F859A00A44733 /* umbagog.jpg */,
				C7DE8DBF273F859A00A44733 /* landmarkData.json */,
				C7DE8DC0273F859A00A44733 /* chincoteague.jpg */,
				C7DE8DC1273F859A00A44733 /* yukon_charleyrivers.jpg */,
				C7DE8DC2273F859A00A44733 /* stmarylake.jpg */,
				C7DE8DC3273F859A00A44733 /* chilkoottrail.jpg */,
				C7DE8DC4273F859A00A44733 /* rainbowlake.jpg */,
			);
			path = Resources;
			sourceTree = "<group>";
		};
		C7DE8DD4273F933400A44733 /* Views */ = {
			isa = PBXGroup;
			children = (
				C75DC4AA2750E06800CE9AEE /* Profiles */,
				C72DFBA52750CD6B0028529E /* Category */,
				C71483AD274989C700D149C2 /* Hikes */,
				C714839B274980C900D149C2 /* Badges */,
				C7C9B1872746E46700E16AB8 /* Helpers */,
				C7C9B1862746E45700E16AB8 /* Landmarks */,
				C7DE8DDC274054D900A44733 /* ContentView.swift */,
			);
			path = Views;
			sourceTree = "<group>";
		};
		C7DE8DD5273F934200A44733 /* Model */ = {
			isa = PBXGroup;
			children = (
				C7DE8DB5273F81DB00A44733 /* Landmark.swift */,
				C7DE8DD2273F89C700A44733 /* ModelData.swift */,
				C714839E2749862D00D149C2 /* Hike.swift */,
				C75DC4A62750D14D00CE9AEE /* Profile.swift */,
			);
			path = Model;
			sourceTree = "<group>";
		};
/* End PBXGroup section */

/* Begin PBXNativeTarget section */
		C7CA6C94273D9E59004B16FD /* Landmarks */ = {
			isa = PBXNativeTarget;
			buildConfigurationList = C7CA6CB9273D9E5D004B16FD /* Build configuration list for PBXNativeTarget "Landmarks" */;
			buildPhases = (
				C7CA6C91273D9E59004B16FD /* Sources */,
				C7CA6C92273D9E59004B16FD /* Frameworks */,
				C7CA6C93273D9E59004B16FD /* Resources */,
			);
			buildRules = (
			);
			dependencies = (
			);
			name = Landmarks;
			productName = Landmarks;
			productReference = C7CA6C95273D9E59004B16FD /* Landmarks.app */;
			productType = "com.apple.product-type.application";
		};
		C7CA6CA4273D9E5D004B16FD /* LandmarksTests */ = {
			isa = PBXNativeTarget;
			buildConfigurationList = C7CA6CBC273D9E5D004B16FD /* Build configuration list for PBXNativeTarget "LandmarksTests" */;
			buildPhases = (
				C7CA6CA1273D9E5D004B16FD /* Sources */,
				C7CA6CA2273D9E5D004B16FD /* Frameworks */,
				C7CA6CA3273D9E5D004B16FD /* Resources */,
			);
			buildRules = (
			);
			dependencies = (
				C7CA6CA7273D9E5D004B16FD /* PBXTargetDependency */,
			);
			name = LandmarksTests;
			productName = LandmarksTests;
			productReference = C7CA6CA5273D9E5D004B16FD /* LandmarksTests.xctest */;
			productType = "com.apple.product-type.bundle.unit-test";
		};
		C7CA6CAE273D9E5D004B16FD /* LandmarksUITests */ = {
			isa = PBXNativeTarget;
			buildConfigurationList = C7CA6CBF273D9E5D004B16FD /* Build configuration list for PBXNativeTarget "LandmarksUITests" */;
			buildPhases = (
				C7CA6CAB273D9E5D004B16FD /* Sources */,
				C7CA6CAC273D9E5D004B16FD /* Frameworks */,
				C7CA6CAD273D9E5D004B16FD /* Resources */,
			);
			buildRules = (
			);
			dependencies = (
				C7CA6CB1273D9E5D004B16FD /* PBXTargetDependency */,
			);
			name = LandmarksUITests;
			productName = LandmarksUITests;
			productReference = C7CA6CAF273D9E5D004B16FD /* LandmarksUITests.xctest */;
			productType = "com.apple.product-type.bundle.ui-testing";
		};
/* End PBXNativeTarget section */

/* Begin PBXProject section */
		C7CA6C8D273D9E58004B16FD /* Project object */ = {
			isa = PBXProject;
			attributes = {
				BuildIndependentTargetsInParallel = 1;
				LastSwiftUpdateCheck = 1320;
				LastUpgradeCheck = 1320;
				TargetAttributes = {
					C7CA6C94273D9E59004B16FD = {
						CreatedOnToolsVersion = 13.2;
					};
					C7CA6CA4273D9E5D004B16FD = {
						CreatedOnToolsVersion = 13.2;
						TestTargetID = C7CA6C94273D9E59004B16FD;
					};
					C7CA6CAE273D9E5D004B16FD = {
						CreatedOnToolsVersion = 13.2;
						TestTargetID = C7CA6C94273D9E59004B16FD;
					};
				};
			};
			buildConfigurationList = C7CA6C90273D9E58004B16FD /* Build configuration list for PBXProject "Landmarks" */;
			compatibilityVersion = "Xcode 13.0";
			developmentRegion = en;
			hasScannedForEncodings = 0;
			knownRegions = (
				en,
				Base,
			);
			mainGroup = C7CA6C8C273D9E58004B16FD;
			productRefGroup = C7CA6C96273D9E59004B16FD /* Products */;
			projectDirPath = "";
			projectRoot = "";
			targets = (
				C7CA6C94273D9E59004B16FD /* Landmarks */,
				C7CA6CA4273D9E5D004B16FD /* LandmarksTests */,
				C7CA6CAE273D9E5D004B16FD /* LandmarksUITests */,
			);
		};
/* End PBXProject section */

/* Begin PBXResourcesBuildPhase section */
		C7CA6C93273D9E59004B16FD /* Resources */ = {
			isa = PBXResourcesBuildPhase;
			buildActionMask = 2147483647;
			files = (
				C714839D274985F700D149C2 /* hikeData.json in Resources */,
				C7DE8DC8273F859A00A44733 /* lakemcdonald.jpg in Resources */,
				C7DE8DC6273F859A00A44733 /* silversalmoncreek.jpg in Resources */,
				C7DE8DCC273F859A00A44733 /* landmarkData.json in Resources */,
				C7DE8DC5273F859A00A44733 /* turtlerock.jpg in Resources */,
				C7CA6CA0273D9E5C004B16FD /* Preview Assets.xcassets in Resources */,
				C7DE8DCB273F859A00A44733 /* umbagog.jpg in Resources */,
				C7DE8DCF273F859A00A44733 /* stmarylake.jpg in Resources */,
				C7DE8DCD273F859A00A44733 /* chincoteague.jpg in Resources */,
				C7CA6C9D273D9E5C004B16FD /* Assets.xcassets in Resources */,
				C7DE8DC7273F859A00A44733 /* icybay.jpg in Resources */,
				C7DE8DCA273F859A00A44733 /* twinlake.jpg in Resources */,
				C7DE8DC9273F859A00A44733 /* hiddenlake.jpg in Resources */,
				C7DE8DD1273F859A00A44733 /* rainbowlake.jpg in Resources */,
				C7DE8DD0273F859A00A44733 /* chilkoottrail.jpg in Resources */,
				C7DE8DCE273F859A00A44733 /* yukon_charleyrivers.jpg in Resources */,
			);
			runOnlyForDeploymentPostprocessing = 0;
		};
		C7CA6CA3273D9E5D004B16FD /* Resources */ = {
			isa = PBXResourcesBuildPhase;
			buildActionMask = 2147483647;
			files = (
			);
			runOnlyForDeploymentPostprocessing = 0;
		};
		C7CA6CAD273D9E5D004B16FD /* Resources */ = {
			isa = PBXResourcesBuildPhase;
			buildActionMask = 2147483647;
			files = (
			);
			runOnlyForDeploymentPostprocessing = 0;
		};
/* End PBXResourcesBuildPhase section */

/* Begin PBXSourcesBuildPhase section */
		C7CA6C91273D9E59004B16FD /* Sources */ = {
			isa = PBXSourcesBuildPhase;
			buildActionMask = 2147483647;
			files = (
				C799F18B274FB7BE00FB235F /* CategoryRow.swift in Sources */,
				C7DE8DB2273F0B5A00A44733 /* MapView.swift in Sources */,
				C799F189274FAEDE00FB235F /* CategoryHome.swift in Sources */,
				C71483B3274989C700D149C2 /* HikeGraph.swift in Sources */,
				C714839A27497FC500D149C2 /* Badge.swift in Sources */,
				C7CA6C99273D9E59004B16FD /* LandmarksApp.swift in Sources */,
				C71483B2274989C700D149C2 /* GraphCapsule.swift in Sources */,
				C7DE8DD9273FADA800A44733 /* LandmarkList.swift in Sources */,
				C7C9B1852746E25A00E16AB8 /* FavoriteButton.swift in Sources */,
				C72DFBA42750AD770028529E /* CategoryItem.swift in Sources */,
				C71483B4274989C700D149C2 /* HikeDetail.swift in Sources */,
				C7148392274976D700D149C2 /* HexagonParameters.swift in Sources */,
				C75DC4AF2750E9A900CE9AEE /* ProfileSummary.swift in Sources */,
				C714839F2749862D00D149C2 /* Hike.swift in Sources */,
				C75DC4AD2750E8D100CE9AEE /* ProfileHost.swift in Sources */,
				C714839827497EAA00D149C2 /* RotatedBadgeSymbol.swift in Sources */,
				C7DE8DDB274053CB00A44733 /* LandmarkDetail.swift in Sources */,
				C75DC4A72750D14D00CE9AEE /* Profile.swift in Sources */,
				C75DC4B32754DB3800CE9AEE /* ProfileEditor.swift in Sources */,
				C7CA6CC3273F068D004B16FD /* CircleImage.swift in Sources */,
				C71483B5274989C700D149C2 /* HikeView.swift in Sources */,
				C71483942749789200D149C2 /* BadgeBackground.swift in Sources */,
				C714839627497E1B00D149C2 /* BadgeSymbol.swift in Sources */,
				C75DC4B12754A28500CE9AEE /* HikeBadge.swift in Sources */,
				C7DE8DDD274054D900A44733 /* ContentView.swift in Sources */,
				C7DE8DB6273F81DB00A44733 /* Landmark.swift in Sources */,
				C7DE8DD7273F983000A44733 /* LandmarkRow.swift in Sources */,
				C7DE8DD3273F89C700A44733 /* ModelData.swift in Sources */,
			);
			runOnlyForDeploymentPostprocessing = 0;
		};
		C7CA6CA1273D9E5D004B16FD /* Sources */ = {
			isa = PBXSourcesBuildPhase;
			buildActionMask = 2147483647;
			files = (
				C7CA6CAA273D9E5D004B16FD /* LandmarksTests.swift in Sources */,
			);
			runOnlyForDeploymentPostprocessing = 0;
		};
		C7CA6CAB273D9E5D004B16FD /* Sources */ = {
			isa = PBXSourcesBuildPhase;
			buildActionMask = 2147483647;
			files = (
				C7CA6CB6273D9E5D004B16FD /* LandmarksUITestsLaunchTests.swift in Sources */,
				C7CA6CB4273D9E5D004B16FD /* LandmarksUITests.swift in Sources */,
			);
			runOnlyForDeploymentPostprocessing = 0;
		};
/* End PBXSourcesBuildPhase section */

/* Begin PBXTargetDependency section */
		C7CA6CA7273D9E5D004B16FD /* PBXTargetDependency */ = {
			isa = PBXTargetDependency;
			target = C7CA6C94273D9E59004B16FD /* Landmarks */;
			targetProxy = C7CA6CA6273D9E5D004B16FD /* PBXContainerItemProxy */;
		};
		C7CA6CB1273D9E5D004B16FD /* PBXTargetDependency */ = {
			isa = PBXTargetDependency;
			target = C7CA6C94273D9E59004B16FD /* Landmarks */;
			targetProxy = C7CA6CB0273D9E5D004B16FD /* PBXContainerItemProxy */;
		};
/* End PBXTargetDependency section */

/* Begin XCBuildConfiguration section */
		C7CA6CB7273D9E5D004B16FD /* Debug */ = {
			isa = XCBuildConfiguration;
			buildSettings = {
				ALWAYS_SEARCH_USER_PATHS = NO;
				CLANG_ANALYZER_NONNULL = YES;
				CLANG_ANALYZER_NUMBER_OBJECT_CONVERSION = YES_AGGRESSIVE;
				CLANG_CXX_LANGUAGE_STANDARD = "gnu++17";
				CLANG_CXX_LIBRARY = "libc++";
				CLANG_ENABLE_MODULES = YES;
				CLANG_ENABLE_OBJC_ARC = YES;
				CLANG_ENABLE_OBJC_WEAK = YES;
				CLANG_WARN_BLOCK_CAPTURE_AUTORELEASING = YES;
				CLANG_WARN_BOOL_CONVERSION = YES;
				CLANG_WARN_COMMA = YES;
				CLANG_WARN_CONSTANT_CONVERSION = YES;
				CLANG_WARN_DEPRECATED_OBJC_IMPLEMENTATIONS = YES;
				CLANG_WARN_DIRECT_OBJC_ISA_USAGE = YES_ERROR;
				CLANG_WARN_DOCUMENTATION_COMMENTS = YES;
				CLANG_WARN_EMPTY_BODY = YES;
				CLANG_WARN_ENUM_CONVERSION = YES;
				CLANG_WARN_INFINITE_RECURSION = YES;
				CLANG_WARN_INT_CONVERSION = YES;
				CLANG_WARN_NON_LITERAL_NULL_CONVERSION = YES;
				CLANG_WARN_OBJC_IMPLICIT_RETAIN_SELF = YES;
				CLANG_WARN_OBJC_LITERAL_CONVERSION = YES;
				CLANG_WARN_OBJC_ROOT_CLASS = YES_ERROR;
				CLANG_WARN_QUOTED_INCLUDE_IN_FRAMEWORK_HEADER = YES;
				CLANG_WARN_RANGE_LOOP_ANALYSIS = YES;
				CLANG_WARN_STRICT_PROTOTYPES = YES;
				CLANG_WARN_SUSPICIOUS_MOVE = YES;
				CLANG_WARN_UNGUARDED_AVAILABILITY = YES_AGGRESSIVE;
				CLANG_WARN_UNREACHABLE_CODE = YES;
				CLANG_WARN__DUPLICATE_METHOD_MATCH = YES;
				COPY_PHASE_STRIP = NO;
				DEBUG_INFORMATION_FORMAT = dwarf;
				ENABLE_STRICT_OBJC_MSGSEND = YES;
				ENABLE_TESTABILITY = YES;
				GCC_C_LANGUAGE_STANDARD = gnu11;
				GCC_DYNAMIC_NO_PIC = NO;
				GCC_NO_COMMON_BLOCKS = YES;
				GCC_OPTIMIZATION_LEVEL = 0;
				GCC_PREPROCESSOR_DEFINITIONS = (
					"DEBUG=1",
					"$(inherited)",
				);
				GCC_WARN_64_TO_32_BIT_CONVERSION = YES;
				GCC_WARN_ABOUT_RETURN_TYPE = YES_ERROR;
				GCC_WARN_UNDECLARED_SELECTOR = YES;
				GCC_WARN_UNINITIALIZED_AUTOS = YES_AGGRESSIVE;
				GCC_WARN_UNUSED_FUNCTION = YES;
				GCC_WARN_UNUSED_VARIABLE = YES;
				IPHONEOS_DEPLOYMENT_TARGET = 15.2;
				MTL_ENABLE_DEBUG_INFO = INCLUDE_SOURCE;
				MTL_FAST_MATH = YES;
				ONLY_ACTIVE_ARCH = YES;
				SDKROOT = iphoneos;
				SWIFT_ACTIVE_COMPILATION_CONDITIONS = DEBUG;
				SWIFT_OPTIMIZATION_LEVEL = "-Onone";
			};
			name = Debug;
		};
		C7CA6CB8273D9E5D004B16FD /* Release */ = {
			isa = XCBuildConfiguration;
			buildSettings = {
				ALWAYS_SEARCH_USER_PATHS = NO;
				CLANG_ANALYZER_NONNULL = YES;
				CLANG_ANALYZER_NUMBER_OBJECT_CONVERSION = YES_AGGRESSIVE;
				CLANG_CXX_LANGUAGE_STANDARD = "gnu++17";
				CLANG_CXX_LIBRARY = "libc++";
				CLANG_ENABLE_MODULES = YES;
				CLANG_ENABLE_OBJC_ARC = YES;
				CLANG_ENABLE_OBJC_WEAK = YES;
				CLANG_WARN_BLOCK_CAPTURE_AUTORELEASING = YES;
				CLANG_WARN_BOOL_CONVERSION = YES;
				CLANG_WARN_COMMA = YES;
				CLANG_WARN_CONSTANT_CONVERSION = YES;
				CLANG_WARN_DEPRECATED_OBJC_IMPLEMENTATIONS = YES;
				CLANG_WARN_DIRECT_OBJC_ISA_USAGE = YES_ERROR;
				CLANG_WARN_DOCUMENTATION_COMMENTS = YES;
				CLANG_WARN_EMPTY_BODY = YES;
				CLANG_WARN_ENUM_CONVERSION = YES;
				CLANG_WARN_INFINITE_RECURSION = YES;
				CLANG_WARN_INT_CONVERSION = YES;
				CLANG_WARN_NON_LITERAL_NULL_CONVERSION = YES;
				CLANG_WARN_OBJC_IMPLICIT_RETAIN_SELF = YES;
				CLANG_WARN_OBJC_LITERAL_CONVERSION = YES;
				CLANG_WARN_OBJC_ROOT_CLASS = YES_ERROR;
				CLANG_WARN_QUOTED_INCLUDE_IN_FRAMEWORK_HEADER = YES;
				CLANG_WARN_RANGE_LOOP_ANALYSIS = YES;
				CLANG_WARN_STRICT_PROTOTYPES = YES;
				CLANG_WARN_SUSPICIOUS_MOVE = YES;
				CLANG_WARN_UNGUARDED_AVAILABILITY = YES_AGGRESSIVE;
				CLANG_WARN_UNREACHABLE_CODE = YES;
				CLANG_WARN__DUPLICATE_METHOD_MATCH = YES;
				COPY_PHASE_STRIP = NO;
				DEBUG_INFORMATION_FORMAT = "dwarf-with-dsym";
				ENABLE_NS_ASSERTIONS = NO;
				ENABLE_STRICT_OBJC_MSGSEND = YES;
				GCC_C_LANGUAGE_STANDARD = gnu11;
				GCC_NO_COMMON_BLOCKS = YES;
				GCC_WARN_64_TO_32_BIT_CONVERSION = YES;
				GCC_WARN_ABOUT_RETURN_TYPE = YES_ERROR;
				GCC_WARN_UNDECLARED_SELECTOR = YES;
				GCC_WARN_UNINITIALIZED_AUTOS = YES_AGGRESSIVE;
				GCC_WARN_UNUSED_FUNCTION = YES;
				GCC_WARN_UNUSED_VARIABLE = YES;
				IPHONEOS_DEPLOYMENT_TARGET = 15.2;
				MTL_ENABLE_DEBUG_INFO = NO;
				MTL_FAST_MATH = YES;
				SDKROOT = iphoneos;
				SWIFT_COMPILATION_MODE = wholemodule;
				SWIFT_OPTIMIZATION_LEVEL = "-O";
				VALIDATE_PRODUCT = YES;
			};
			name = Release;
		};
		C7CA6CBA273D9E5D004B16FD /* Debug */ = {
			isa = XCBuildConfiguration;
			buildSettings = {
				ASSETCATALOG_COMPILER_APPICON_NAME = AppIcon;
				ASSETCATALOG_COMPILER_GLOBAL_ACCENT_COLOR_NAME = AccentColor;
				CODE_SIGN_STYLE = Automatic;
				CURRENT_PROJECT_VERSION = 1;
				DEVELOPMENT_ASSET_PATHS = "\"Landmarks/Preview Content\"";
				ENABLE_PREVIEWS = YES;
				GENERATE_INFOPLIST_FILE = YES;
				INFOPLIST_KEY_UIApplicationSceneManifest_Generation = YES;
				INFOPLIST_KEY_UIApplicationSupportsIndirectInputEvents = YES;
				INFOPLIST_KEY_UILaunchScreen_Generation = YES;
				INFOPLIST_KEY_UISupportedInterfaceOrientations_iPad = "UIInterfaceOrientationPortrait UIInterfaceOrientationPortraitUpsideDown UIInterfaceOrientationLandscapeLeft UIInterfaceOrientationLandscapeRight";
				INFOPLIST_KEY_UISupportedInterfaceOrientations_iPhone = "UIInterfaceOrientationPortrait UIInterfaceOrientationLandscapeLeft UIInterfaceOrientationLandscapeRight";
				LD_RUNPATH_SEARCH_PATHS = (
					"$(inherited)",
					"@executable_path/Frameworks",
				);
				MARKETING_VERSION = 1.0;
				PRODUCT_BUNDLE_IDENTIFIER = "my-first-app.Landmarks";
				PRODUCT_NAME = "$(TARGET_NAME)";
				SWIFT_EMIT_LOC_STRINGS = YES;
				SWIFT_VERSION = 5.0;
				TARGETED_DEVICE_FAMILY = "1,2";
			};
			name = Debug;
		};
		C7CA6CBB273D9E5D004B16FD /* Release */ = {
			isa = XCBuildConfiguration;
			buildSettings = {
				ASSETCATALOG_COMPILER_APPICON_NAME = AppIcon;
				ASSETCATALOG_COMPILER_GLOBAL_ACCENT_COLOR_NAME = AccentColor;
				CODE_SIGN_STYLE = Automatic;
				CURRENT_PROJECT_VERSION = 1;
				DEVELOPMENT_ASSET_PATHS = "\"Landmarks/Preview Content\"";
				ENABLE_PREVIEWS = YES;
				GENERATE_INFOPLIST_FILE = YES;
				INFOPLIST_KEY_UIApplicationSceneManifest_Generation = YES;
				INFOPLIST_KEY_UIApplicationSupportsIndirectInputEvents = YES;
				INFOPLIST_KEY_UILaunchScreen_Generation = YES;
				INFOPLIST_KEY_UISupportedInterfaceOrientations_iPad = "UIInterfaceOrientationPortrait UIInterfaceOrientationPortraitUpsideDown UIInterfaceOrientationLandscapeLeft UIInterfaceOrientationLandscapeRight";
				INFOPLIST_KEY_UISupportedInterfaceOrientations_iPhone = "UIInterfaceOrientationPortrait UIInterfaceOrientationLandscapeLeft UIInterfaceOrientationLandscapeRight";
				LD_RUNPATH_SEARCH_PATHS = (
					"$(inherited)",
					"@executable_path/Frameworks",
				);
				MARKETING_VERSION = 1.0;
				PRODUCT_BUNDLE_IDENTIFIER = "my-first-app.Landmarks";
				PRODUCT_NAME = "$(TARGET_NAME)";
				SWIFT_EMIT_LOC_STRINGS = YES;
				SWIFT_VERSION = 5.0;
				TARGETED_DEVICE_FAMILY = "1,2";
			};
			name = Release;
		};
		C7CA6CBD273D9E5D004B16FD /* Debug */ = {
			isa = XCBuildConfiguration;
			buildSettings = {
				ALWAYS_EMBED_SWIFT_STANDARD_LIBRARIES = YES;
				BUNDLE_LOADER = "$(TEST_HOST)";
				CODE_SIGN_STYLE = Automatic;
				CURRENT_PROJECT_VERSION = 1;
				GENERATE_INFOPLIST_FILE = YES;
				IPHONEOS_DEPLOYMENT_TARGET = 15.2;
				MARKETING_VERSION = 1.0;
				PRODUCT_BUNDLE_IDENTIFIER = "my-first-app.LandmarksTests";
				PRODUCT_NAME = "$(TARGET_NAME)";
				SWIFT_EMIT_LOC_STRINGS = NO;
				SWIFT_VERSION = 5.0;
				TARGETED_DEVICE_FAMILY = "1,2";
				TEST_HOST = "$(BUILT_PRODUCTS_DIR)/Landmarks.app/Landmarks";
			};
			name = Debug;
		};
		C7CA6CBE273D9E5D004B16FD /* Release */ = {
			isa = XCBuildConfiguration;
			buildSettings = {
				ALWAYS_EMBED_SWIFT_STANDARD_LIBRARIES = YES;
				BUNDLE_LOADER = "$(TEST_HOST)";
				CODE_SIGN_STYLE = Automatic;
				CURRENT_PROJECT_VERSION = 1;
				GENERATE_INFOPLIST_FILE = YES;
				IPHONEOS_DEPLOYMENT_TARGET = 15.2;
				MARKETING_VERSION = 1.0;
				PRODUCT_BUNDLE_IDENTIFIER = "my-first-app.LandmarksTests";
				PRODUCT_NAME = "$(TARGET_NAME)";
				SWIFT_EMIT_LOC_STRINGS = NO;
				SWIFT_VERSION = 5.0;
				TARGETED_DEVICE_FAMILY = "1,2";
				TEST_HOST = "$(BUILT_PRODUCTS_DIR)/Landmarks.app/Landmarks";
			};
			name = Release;
		};
		C7CA6CC0273D9E5D004B16FD /* Debug */ = {
			isa = XCBuildConfiguration;
			buildSettings = {
				ALWAYS_EMBED_SWIFT_STANDARD_LIBRARIES = YES;
				CODE_SIGN_STYLE = Automatic;
				CURRENT_PROJECT_VERSION = 1;
				GENERATE_INFOPLIST_FILE = YES;
				MARKETING_VERSION = 1.0;
				PRODUCT_BUNDLE_IDENTIFIER = "my-first-app.LandmarksUITests";
				PRODUCT_NAME = "$(TARGET_NAME)";
				SWIFT_EMIT_LOC_STRINGS = NO;
				SWIFT_VERSION = 5.0;
				TARGETED_DEVICE_FAMILY = "1,2";
				TEST_TARGET_NAME = Landmarks;
			};
			name = Debug;
		};
		C7CA6CC1273D9E5D004B16FD /* Release */ = {
			isa = XCBuildConfiguration;
			buildSettings = {
				ALWAYS_EMBED_SWIFT_STANDARD_LIBRARIES = YES;
				CODE_SIGN_STYLE = Automatic;
				CURRENT_PROJECT_VERSION = 1;
				GENERATE_INFOPLIST_FILE = YES;
				MARKETING_VERSION = 1.0;
				PRODUCT_BUNDLE_IDENTIFIER = "my-first-app.LandmarksUITests";
				PRODUCT_NAME = "$(TARGET_NAME)";
				SWIFT_EMIT_LOC_STRINGS = NO;
				SWIFT_VERSION = 5.0;
				TARGETED_DEVICE_FAMILY = "1,2";
				TEST_TARGET_NAME = Landmarks;
			};
			name = Release;
		};
/* End XCBuildConfiguration section */

/* Begin XCConfigurationList section */
		C7CA6C90273D9E58004B16FD /* Build configuration list for PBXProject "Landmarks" */ = {
			isa = XCConfigurationList;
			buildConfigurations = (
				C7CA6CB7273D9E5D004B16FD /* Debug */,
				C7CA6CB8273D9E5D004B16FD /* Release */,
			);
			defaultConfigurationIsVisible = 0;
			defaultConfigurationName = Release;
		};
		C7CA6CB9273D9E5D004B16FD /* Build configuration list for PBXNativeTarget "Landmarks" */ = {
			isa = XCConfigurationList;
			buildConfigurations = (
				C7CA6CBA273D9E5D004B16FD /* Debug */,
				C7CA6CBB273D9E5D004B16FD /* Release */,
			);
			defaultConfigurationIsVisible = 0;
			defaultConfigurationName = Release;
		};
		C7CA6CBC273D9E5D004B16FD /* Build configuration list for PBXNativeTarget "LandmarksTests" */ = {
			isa = XCConfigurationList;
			buildConfigurations = (
				C7CA6CBD273D9E5D004B16FD /* Debug */,
				C7CA6CBE273D9E5D004B16FD /* Release */,
			);
			defaultConfigurationIsVisible = 0;
			defaultConfigurationName = Release;
		};
		C7CA6CBF273D9E5D004B16FD /* Build configuration list for PBXNativeTarget "LandmarksUITests" */ = {
			isa = XCConfigurationList;
			buildConfigurations = (
				C7CA6CC0273D9E5D004B16FD /* Debug */,
				C7CA6CC1273D9E5D004B16FD /* Release */,
			);
			defaultConfigurationIsVisible = 0;
			defaultConfigurationName = Release;
		};
/* End XCConfigurationList section */
	};
	rootObject = C7CA6C8D273D9E58004B16FD /* Project object */;
}
